
Microsoft Visual Studio Solution File, Format Version 12.00
# Visual Studio 15
VisualStudioVersion = 15.0.27703.2042
MinimumVisualStudioVersion = 10.0.40219.1
Project("{FAE04EC0-301F-11D3-BF4B-00C04F79EFBC}") = "SignalXChat.Web", "SignalXChat.Web\SignalXChat.Web.csproj", "{E542B6DC-AC3E-4402-B92F-50E739844C54}"
EndProject
Project("{2150E333-8FDC-42A3-9474-1A3956D46DE8}") = "paket", "paket", "{17A224F9-242B-4EC0-98A7-9A0E3C3772D2}"
	ProjectSection(SolutionItems) = preProject
		paket.dependencies = paket.dependencies
		paket.lock = paket.lock
	EndProjectSection
EndProject
Global
	GlobalSection(SolutionConfigurationPlatforms) = preSolution
		Debug|Any CPU = Debug|Any CPU
		Release|Any CPU = Release|Any CPU
	EndGlobalSection
	GlobalSection(ProjectConfigurationPlatforms) = postSolution
		{E542B6DC-AC3E-4402-B92F-50E739844C54}.Debug|Any CPU.ActiveCfg = Debug|Any CPU
		{E542B6DC-AC3E-4402-B92F-50E739844C54}.Debug|Any CPU.Build.0 = Debug|Any CPU
		{E542B6DC-AC3E-4402-B92F-50E739844C54}.Release|Any CPU.ActiveCfg = Release|Any CPU
		{E542B6DC-AC3E-4402-B92F-50E739844C54}.Release|Any CPU.Build.0 = Release|Any CPU
	EndGlobalSection
	GlobalSection(SolutionProperties) = preSolution
		HideSolutionNode = FALSE
	EndGlobalSection
	GlobalSection(ExtensibilityGlobals) = postSolution
		SolutionGuid = {0048551D-FD9F-4FBC-8CED-C129D6B3258E}
	EndGlobalSection
EndGlobal
